
Microsoft Visual Studio Solution File, Format Version 12.00
# Visual Studio 2012
Project("{FAE04EC0-301F-11D3-BF4B-00C04F79EFBC}") = "ImageGallery.Models", "ImageGallery.Models\ImageGallery.Models.csproj", "{A422B6B6-6500-4085-A5C6-02F6076C7A5C}"
EndProject
Project("{FAE04EC0-301F-11D3-BF4B-00C04F79EFBC}") = "ImageGallery.DataLayer", "ImageGallery.DataLayer\ImageGallery.DataLayer.csproj", "{C2C5B7D7-9868-426A-95F5-F667E324E5FB}"
EndProject
Project("{FAE04EC0-301F-11D3-BF4B-00C04F79EFBC}") = "ImageGalery.Services", "ImageGalery.Services\ImageGalery.Services.csproj", "{C3D38AA8-E586-4137-A2F6-9498C2AFF2BE}"
EndProject
Project("{FAE04EC0-301F-11D3-BF4B-00C04F79EFBC}") = "ImageGallery.WebClient", "ImageGallery.WebClient\ImageGallery.WebClient.csproj", "{CD1C6AAF-9C38-4909-95C1-E911B6461CC0}"
EndProject
Global
	GlobalSection(SolutionConfigurationPlatforms) = preSolution
		Debug|Any CPU = Debug|Any CPU
		Release|Any CPU = Release|Any CPU
	EndGlobalSection
	GlobalSection(ProjectConfigurationPlatforms) = postSolution
		{A422B6B6-6500-4085-A5C6-02F6076C7A5C}.Debug|Any CPU.ActiveCfg = Debug|Any CPU
		{A422B6B6-6500-4085-A5C6-02F6076C7A5C}.Debug|Any CPU.Build.0 = Debug|Any CPU
		{A422B6B6-6500-4085-A5C6-02F6076C7A5C}.Release|Any CPU.ActiveCfg = Release|Any CPU
		{A422B6B6-6500-4085-A5C6-02F6076C7A5C}.Release|Any CPU.Build.0 = Release|Any CPU
		{C2C5B7D7-9868-426A-95F5-F667E324E5FB}.Debug|Any CPU.ActiveCfg = Debug|Any CPU
		{C2C5B7D7-9868-426A-95F5-F667E324E5FB}.Debug|Any CPU.Build.0 = Debug|Any CPU
		{C2C5B7D7-9868-426A-95F5-F667E324E5FB}.Release|Any CPU.ActiveCfg = Release|Any CPU
		{C2C5B7D7-9868-426A-95F5-F667E324E5FB}.Release|Any CPU.Build.0 = Release|Any CPU
		{C3D38AA8-E586-4137-A2F6-9498C2AFF2BE}.Debug|Any CPU.ActiveCfg = Debug|Any CPU
		{C3D38AA8-E586-4137-A2F6-9498C2AFF2BE}.Debug|Any CPU.Build.0 = Debug|Any CPU
		{C3D38AA8-E586-4137-A2F6-9498C2AFF2BE}.Release|Any CPU.ActiveCfg = Release|Any CPU
		{C3D38AA8-E586-4137-A2F6-9498C2AFF2BE}.Release|Any CPU.Build.0 = Release|Any CPU
		{CD1C6AAF-9C38-4909-95C1-E911B6461CC0}.Debug|Any CPU.ActiveCfg = Debug|Any CPU
		{CD1C6AAF-9C38-4909-95C1-E911B6461CC0}.Debug|Any CPU.Build.0 = Debug|Any CPU
		{CD1C6AAF-9C38-4909-95C1-E911B6461CC0}.Release|Any CPU.ActiveCfg = Release|Any CPU
		{CD1C6AAF-9C38-4909-95C1-E911B6461CC0}.Release|Any CPU.Build.0 = Release|Any CPU
	EndGlobalSection
	GlobalSection(SolutionProperties) = preSolution
		HideSolutionNode = FALSE
	EndGlobalSection
EndGlobal
